// !$*UTF8*$!
{
	archiveVersion = 1;
	classes = {
	};
	objectVersion = 56;
	objects = {

/* Begin PBXBuildFile section */
		044247B82AD6BDF900200BAF /* AppDelegate.swift in Sources */ = {isa = PBXBuildFile; fileRef = 044247B72AD6BDF900200BAF /* AppDelegate.swift */; };
		044247BA2AD6BDF900200BAF /* SceneDelegate.swift in Sources */ = {isa = PBXBuildFile; fileRef = 044247B92AD6BDF900200BAF /* SceneDelegate.swift */; };
		044247BC2AD6BDF900200BAF /* ViewController.swift in Sources */ = {isa = PBXBuildFile; fileRef = 044247BB2AD6BDF900200BAF /* ViewController.swift */; };
		044247BF2AD6BDF900200BAF /* Main.storyboard in Resources */ = {isa = PBXBuildFile; fileRef = 044247BD2AD6BDF900200BAF /* Main.storyboard */; };
		044247C12AD6BDFB00200BAF /* Assets.xcassets in Resources */ = {isa = PBXBuildFile; fileRef = 044247C02AD6BDFB00200BAF /* Assets.xcassets */; };
		044247C42AD6BDFB00200BAF /* LaunchScreen.storyboard in Resources */ = {isa = PBXBuildFile; fileRef = 044247C22AD6BDFB00200BAF /* LaunchScreen.storyboard */; };
		044247CC2AD6C21E00200BAF /* DataService.swift in Sources */ = {isa = PBXBuildFile; fileRef = 044247CB2AD6C21E00200BAF /* DataService.swift */; };
		044247CE2AD6C47400200BAF /* WelcomeViewController.swift in Sources */ = {isa = PBXBuildFile; fileRef = 044247CD2AD6C47400200BAF /* WelcomeViewController.swift */; };
		044247D02AD6CFA800200BAF /* Extensions.swift in Sources */ = {isa = PBXBuildFile; fileRef = 044247CF2AD6CFA800200BAF /* Extensions.swift */; };
		044247D52AD6D07500200BAF /* TimCookViewController.swift in Sources */ = {isa = PBXBuildFile; fileRef = 044247D42AD6D07500200BAF /* TimCookViewController.swift */; };
		044247D72AD6D08900200BAF /* BioViewController.swift in Sources */ = {isa = PBXBuildFile; fileRef = 044247D62AD6D08900200BAF /* BioViewController.swift */; };
		044247DA2AD6D54300200BAF /* Person.swift in Sources */ = {isa = PBXBuildFile; fileRef = 044247D92AD6D54300200BAF /* Person.swift */; };
/* End PBXBuildFile section */

/* Begin PBXFileReference section */
		044247B42AD6BDF900200BAF /* HW-2.07-DY.app */ = {isa = PBXFileReference; explicitFileType = wrapper.application; includeInIndex = 0; path = "HW-2.07-DY.app"; sourceTree = BUILT_PRODUCTS_DIR; };
		044247B72AD6BDF900200BAF /* AppDelegate.swift */ = {isa = PBXFileReference; lastKnownFileType = sourcecode.swift; path = AppDelegate.swift; sourceTree = "<group>"; };
		044247B92AD6BDF900200BAF /* SceneDelegate.swift */ = {isa = PBXFileReference; lastKnownFileType = sourcecode.swift; path = SceneDelegate.swift; sourceTree = "<group>"; };
		044247BB2AD6BDF900200BAF /* ViewController.swift */ = {isa = PBXFileReference; lastKnownFileType = sourcecode.swift; path = ViewController.swift; sourceTree = "<group>"; };
		044247BE2AD6BDF900200BAF /* Base */ = {isa = PBXFileReference; lastKnownFileType = file.storyboard; name = Base; path = Base.lproj/Main.storyboard; sourceTree = "<group>"; };
		044247C02AD6BDFB00200BAF /* Assets.xcassets */ = {isa = PBXFileReference; lastKnownFileType = folder.assetcatalog; path = Assets.xcassets; sourceTree = "<group>"; };
		044247C32AD6BDFB00200BAF /* Base */ = {isa = PBXFileReference; lastKnownFileType = file.storyboard; name = Base; path = Base.lproj/LaunchScreen.storyboard; sourceTree = "<group>"; };
		044247C52AD6BDFB00200BAF /* Info.plist */ = {isa = PBXFileReference; lastKnownFileType = text.plist.xml; path = Info.plist; sourceTree = "<group>"; };
		044247CB2AD6C21E00200BAF /* DataService.swift */ = {isa = PBXFileReference; lastKnownFileType = sourcecode.swift; path = DataService.swift; sourceTree = "<group>"; };
		044247CD2AD6C47400200BAF /* WelcomeViewController.swift */ = {isa = PBXFileReference; lastKnownFileType = sourcecode.swift; path = WelcomeViewController.swift; sourceTree = "<group>"; };
		044247CF2AD6CFA800200BAF /* Extensions.swift */ = {isa = PBXFileReference; lastKnownFileType = sourcecode.swift; path = Extensions.swift; sourceTree = "<group>"; };
		044247D42AD6D07500200BAF /* TimCookViewController.swift */ = {isa = PBXFileReference; lastKnownFileType = sourcecode.swift; path = TimCookViewController.swift; sourceTree = "<group>"; };
		044247D62AD6D08900200BAF /* BioViewController.swift */ = {isa = PBXFileReference; lastKnownFileType = sourcecode.swift; path = BioViewController.swift; sourceTree = "<group>"; };
		044247D92AD6D54300200BAF /* Person.swift */ = {isa = PBXFileReference; lastKnownFileType = sourcecode.swift; path = Person.swift; sourceTree = "<group>"; };
/* End PBXFileReference section */

/* Begin PBXFrameworksBuildPhase section */
		044247B12AD6BDF900200BAF /* Frameworks */ = {
			isa = PBXFrameworksBuildPhase;
			buildActionMask = 2147483647;
			files = (
			);
			runOnlyForDeploymentPostprocessing = 0;
		};
/* End PBXFrameworksBuildPhase section */

/* Begin PBXGroup section */
		044247AB2AD6BDF900200BAF = {
			isa = PBXGroup;
			children = (
				044247B62AD6BDF900200BAF /* HW-2.07-DY */,
				044247B52AD6BDF900200BAF /* Products */,
			);
			sourceTree = "<group>";
		};
		044247B52AD6BDF900200BAF /* Products */ = {
			isa = PBXGroup;
			children = (
				044247B42AD6BDF900200BAF /* HW-2.07-DY.app */,
			);
			name = Products;
			sourceTree = "<group>";
		};
		044247B62AD6BDF900200BAF /* HW-2.07-DY */ = {
			isa = PBXGroup;
			children = (
				044247BD2AD6BDF900200BAF /* Main.storyboard */,
				044247C02AD6BDFB00200BAF /* Assets.xcassets */,
				044247C22AD6BDFB00200BAF /* LaunchScreen.storyboard */,
				044247C52AD6BDFB00200BAF /* Info.plist */,
				044247B72AD6BDF900200BAF /* AppDelegate.swift */,
				044247B92AD6BDF900200BAF /* SceneDelegate.swift */,
				044247BB2AD6BDF900200BAF /* ViewController.swift */,
				044247CD2AD6C47400200BAF /* WelcomeViewController.swift */,
				044247D42AD6D07500200BAF /* TimCookViewController.swift */,
				044247D62AD6D08900200BAF /* BioViewController.swift */,
				044247D82AD6D53400200BAF /* Models */,
				044247D12AD6CFBA00200BAF /* Utilities */,
			);
			path = "HW-2.07-DY";
			sourceTree = "<group>";
		};
		044247D12AD6CFBA00200BAF /* Utilities */ = {
			isa = PBXGroup;
			children = (
				044247CB2AD6C21E00200BAF /* DataService.swift */,
				044247CF2AD6CFA800200BAF /* Extensions.swift */,
			);
			path = Utilities;
			sourceTree = "<group>";
		};
		044247D82AD6D53400200BAF /* Models */ = {
			isa = PBXGroup;
			children = (
				044247D92AD6D54300200BAF /* Person.swift */,
			);
			path = Models;
			sourceTree = "<group>";
		};
/* End PBXGroup section */

/* Begin PBXNativeTarget section */
		044247B32AD6BDF900200BAF /* HW-2.07-DY */ = {
			isa = PBXNativeTarget;
			buildConfigurationList = 044247C82AD6BDFB00200BAF /* Build configuration list for PBXNativeTarget "HW-2.07-DY" */;
			buildPhases = (
				044247B02AD6BDF900200BAF /* Sources */,
				044247B12AD6BDF900200BAF /* Frameworks */,
				044247B22AD6BDF900200BAF /* Resources */,
			);
			buildRules = (
			);
			dependencies = (
			);
			name = "HW-2.07-DY";
			productName = "HW-2.07-DY";
			productReference = 044247B42AD6BDF900200BAF /* HW-2.07-DY.app */;
			productType = "com.apple.product-type.application";
		};
/* End PBXNativeTarget section */

/* Begin PBXProject section */
		044247AC2AD6BDF900200BAF /* Project object */ = {
			isa = PBXProject;
			attributes = {
				BuildIndependentTargetsInParallel = 1;
				LastSwiftUpdateCheck = 1500;
				LastUpgradeCheck = 1500;
				TargetAttributes = {
					044247B32AD6BDF900200BAF = {
						CreatedOnToolsVersion = 15.0;
					};
				};
			};
			buildConfigurationList = 044247AF2AD6BDF900200BAF /* Build configuration list for PBXProject "HW-2.07-DY" */;
			compatibilityVersion = "Xcode 14.0";
			developmentRegion = en;
			hasScannedForEncodings = 0;
			knownRegions = (
				en,
				Base,
			);
			mainGroup = 044247AB2AD6BDF900200BAF;
			productRefGroup = 044247B52AD6BDF900200BAF /* Products */;
			projectDirPath = "";
			projectRoot = "";
			targets = (
				044247B32AD6BDF900200BAF /* HW-2.07-DY */,
			);
		};
/* End PBXProject section */

/* Begin PBXResourcesBuildPhase section */
		044247B22AD6BDF900200BAF /* Resources */ = {
			isa = PBXResourcesBuildPhase;
			buildActionMask = 2147483647;
			files = (
				044247C42AD6BDFB00200BAF /* LaunchScreen.storyboard in Resources */,
				044247C12AD6BDFB00200BAF /* Assets.xcassets in Resources */,
				044247BF2AD6BDF900200BAF /* Main.storyboard in Resources */,
			);
			runOnlyForDeploymentPostprocessing = 0;
		};
/* End PBXResourcesBuildPhase section */

/* Begin PBXSourcesBuildPhase section */
		044247B02AD6BDF900200BAF /* Sources */ = {
			isa = PBXSourcesBuildPhase;
			buildActionMask = 2147483647;
			files = (
				044247BC2AD6BDF900200BAF /* ViewController.swift in Sources */,
				044247D02AD6CFA800200BAF /* Extensions.swift in Sources */,
				044247CE2AD6C47400200BAF /* WelcomeViewController.swift in Sources */,
				044247D72AD6D08900200BAF /* BioViewController.swift in Sources */,
				044247B82AD6BDF900200BAF /* AppDelegate.swift in Sources */,
				044247BA2AD6BDF900200BAF /* SceneDelegate.swift in Sources */,
				044247DA2AD6D54300200BAF /* Person.swift in Sources */,
				044247CC2AD6C21E00200BAF /* DataService.swift in Sources */,
				044247D52AD6D07500200BAF /* TimCookViewController.swift in Sources */,
			);
			runOnlyForDeploymentPostprocessing = 0;
		};
/* End PBXSourcesBuildPhase section */

/* Begin PBXVariantGroup section */
		044247BD2AD6BDF900200BAF /* Main.storyboard */ = {
			isa = PBXVariantGroup;
			children = (
				044247BE2AD6BDF900200BAF /* Base */,
			);
			name = Main.storyboard;
			sourceTree = "<group>";
		};
		044247C22AD6BDFB00200BAF /* LaunchScreen.storyboard */ = {
			isa = PBXVariantGroup;
			children = (
				044247C32AD6BDFB00200BAF /* Base */,
			);
			name = LaunchScreen.storyboard;
			sourceTree = "<group>";
		};
/* End PBXVariantGroup section */

/* Begin XCBuildConfiguration section */
		044247C62AD6BDFB00200BAF /* Debug */ = {
			isa = XCBuildConfiguration;
			buildSettings = {
				ALWAYS_SEARCH_USER_PATHS = NO;
				ASSETCATALOG_COMPILER_GENERATE_SWIFT_ASSET_SYMBOL_EXTENSIONS = YES;
				CLANG_ANALYZER_NONNULL = YES;
				CLANG_ANALYZER_NUMBER_OBJECT_CONVERSION = YES_AGGRESSIVE;
				CLANG_CXX_LANGUAGE_STANDARD = "gnu++20";
				CLANG_ENABLE_MODULES = YES;
				CLANG_ENABLE_OBJC_ARC = YES;
				CLANG_ENABLE_OBJC_WEAK = YES;
				CLANG_WARN_BLOCK_CAPTURE_AUTORELEASING = YES;
				CLANG_WARN_BOOL_CONVERSION = YES;
				CLANG_WARN_COMMA = YES;
				CLANG_WARN_CONSTANT_CONVERSION = YES;
				CLANG_WARN_DEPRECATED_OBJC_IMPLEMENTATIONS = YES;
				CLANG_WARN_DIRECT_OBJC_ISA_USAGE = YES_ERROR;
				CLANG_WARN_DOCUMENTATION_COMMENTS = YES;
				CLANG_WARN_EMPTY_BODY = YES;
				CLANG_WARN_ENUM_CONVERSION = YES;
				CLANG_WARN_INFINITE_RECURSION = YES;
				CLANG_WARN_INT_CONVERSION = YES;
				CLANG_WARN_NON_LITERAL_NULL_CONVERSION = YES;
				CLANG_WARN_OBJC_IMPLICIT_RETAIN_SELF = YES;
				CLANG_WARN_OBJC_LITERAL_CONVERSION = YES;
				CLANG_WARN_OBJC_ROOT_CLASS = YES_ERROR;
				CLANG_WARN_QUOTED_INCLUDE_IN_FRAMEWORK_HEADER = YES;
				CLANG_WARN_RANGE_LOOP_ANALYSIS = YES;
				CLANG_WARN_STRICT_PROTOTYPES = YES;
				CLANG_WARN_SUSPICIOUS_MOVE = YES;
				CLANG_WARN_UNGUARDED_AVAILABILITY = YES_AGGRESSIVE;
				CLANG_WARN_UNREACHABLE_CODE = YES;
				CLANG_WARN__DUPLICATE_METHOD_MATCH = YES;
				COPY_PHASE_STRIP = NO;
				DEBUG_INFORMATION_FORMAT = dwarf;
				ENABLE_STRICT_OBJC_MSGSEND = YES;
				ENABLE_TESTABILITY = YES;
				ENABLE_USER_SCRIPT_SANDBOXING = YES;
				GCC_C_LANGUAGE_STANDARD = gnu17;
				GCC_DYNAMIC_NO_PIC = NO;
				GCC_NO_COMMON_BLOCKS = YES;
				GCC_OPTIMIZATION_LEVEL = 0;
				GCC_PREPROCESSOR_DEFINITIONS = (
					"DEBUG=1",
					"$(inherited)",
				);
				GCC_WARN_64_TO_32_BIT_CONVERSION = YES;
				GCC_WARN_ABOUT_RETURN_TYPE = YES_ERROR;
				GCC_WARN_UNDECLARED_SELECTOR = YES;
				GCC_WARN_UNINITIALIZED_AUTOS = YES_AGGRESSIVE;
				GCC_WARN_UNUSED_FUNCTION = YES;
				GCC_WARN_UNUSED_VARIABLE = YES;
				IPHONEOS_DEPLOYMENT_TARGET = 17.0;
				LOCALIZATION_PREFERS_STRING_CATALOGS = YES;
				MTL_ENABLE_DEBUG_INFO = INCLUDE_SOURCE;
				MTL_FAST_MATH = YES;
				ONLY_ACTIVE_ARCH = YES;
				SDKROOT = iphoneos;
				SWIFT_ACTIVE_COMPILATION_CONDITIONS = "DEBUG $(inherited)";
				SWIFT_OPTIMIZATION_LEVEL = "-Onone";
			};
			name = Debug;
		};
		044247C72AD6BDFB00200BAF /* Release */ = {
			isa = XCBuildConfiguration;
			buildSettings = {
				ALWAYS_SEARCH_USER_PATHS = NO;
				ASSETCATALOG_COMPILER_GENERATE_SWIFT_ASSET_SYMBOL_EXTENSIONS = YES;
				CLANG_ANALYZER_NONNULL = YES;
				CLANG_ANALYZER_NUMBER_OBJECT_CONVERSION = YES_AGGRESSIVE;
				CLANG_CXX_LANGUAGE_STANDARD = "gnu++20";
				CLANG_ENABLE_MODULES = YES;
				CLANG_ENABLE_OBJC_ARC = YES;
				CLANG_ENABLE_OBJC_WEAK = YES;
				CLANG_WARN_BLOCK_CAPTURE_AUTORELEASING = YES;
				CLANG_WARN_BOOL_CONVERSION = YES;
				CLANG_WARN_COMMA = YES;
				CLANG_WARN_CONSTANT_CONVERSION = YES;
				CLANG_WARN_DEPRECATED_OBJC_IMPLEMENTATIONS = YES;
				CLANG_WARN_DIRECT_OBJC_ISA_USAGE = YES_ERROR;
				CLANG_WARN_DOCUMENTATION_COMMENTS = YES;
				CLANG_WARN_EMPTY_BODY = YES;
				CLANG_WARN_ENUM_CONVERSION = YES;
				CLANG_WARN_INFINITE_RECURSION = YES;
				CLANG_WARN_INT_CONVERSION = YES;
				CLANG_WARN_NON_LITERAL_NULL_CONVERSION = YES;
				CLANG_WARN_OBJC_IMPLICIT_RETAIN_SELF = YES;
				CLANG_WARN_OBJC_LITERAL_CONVERSION = YES;
				CLANG_WARN_OBJC_ROOT_CLASS = YES_ERROR;
				CLANG_WARN_QUOTED_INCLUDE_IN_FRAMEWORK_HEADER = YES;
				CLANG_WARN_RANGE_LOOP_ANALYSIS = YES;
				CLANG_WARN_STRICT_PROTOTYPES = YES;
				CLANG_WARN_SUSPICIOUS_MOVE = YES;
				CLANG_WARN_UNGUARDED_AVAILABILITY = YES_AGGRESSIVE;
				CLANG_WARN_UNREACHABLE_CODE = YES;
				CLANG_WARN__DUPLICATE_METHOD_MATCH = YES;
				COPY_PHASE_STRIP = NO;
				DEBUG_INFORMATION_FORMAT = "dwarf-with-dsym";
				ENABLE_NS_ASSERTIONS = NO;
				ENABLE_STRICT_OBJC_MSGSEND = YES;
				ENABLE_USER_SCRIPT_SANDBOXING = YES;
				GCC_C_LANGUAGE_STANDARD = gnu17;
				GCC_NO_COMMON_BLOCKS = YES;
				GCC_WARN_64_TO_32_BIT_CONVERSION = YES;
				GCC_WARN_ABOUT_RETURN_TYPE = YES_ERROR;
				GCC_WARN_UNDECLARED_SELECTOR = YES;
				GCC_WARN_UNINITIALIZED_AUTOS = YES_AGGRESSIVE;
				GCC_WARN_UNUSED_FUNCTION = YES;
				GCC_WARN_UNUSED_VARIABLE = YES;
				IPHONEOS_DEPLOYMENT_TARGET = 17.0;
				LOCALIZATION_PREFERS_STRING_CATALOGS = YES;
				MTL_ENABLE_DEBUG_INFO = NO;
				MTL_FAST_MATH = YES;
				SDKROOT = iphoneos;
				SWIFT_COMPILATION_MODE = wholemodule;
				VALIDATE_PRODUCT = YES;
			};
			name = Release;
		};
		044247C92AD6BDFB00200BAF /* Debug */ = {
			isa = XCBuildConfiguration;
			buildSettings = {
				ASSETCATALOG_COMPILER_APPICON_NAME = AppIcon;
				ASSETCATALOG_COMPILER_GLOBAL_ACCENT_COLOR_NAME = AccentColor;
				CODE_SIGN_STYLE = Automatic;
				CURRENT_PROJECT_VERSION = 1;
				DEVELOPMENT_TEAM = VDM65QNNS4;
				GENERATE_INFOPLIST_FILE = YES;
				INFOPLIST_FILE = "HW-2.07-DY/Info.plist";
				INFOPLIST_KEY_UIApplicationSupportsIndirectInputEvents = YES;
				INFOPLIST_KEY_UILaunchStoryboardName = LaunchScreen;
				INFOPLIST_KEY_UIMainStoryboardFile = Main;
				INFOPLIST_KEY_UISupportedInterfaceOrientations_iPad = "UIInterfaceOrientationPortrait UIInterfaceOrientationPortraitUpsideDown UIInterfaceOrientationLandscapeLeft UIInterfaceOrientationLandscapeRight";
				INFOPLIST_KEY_UISupportedInterfaceOrientations_iPhone = "UIInterfaceOrientationPortrait UIInterfaceOrientationLandscapeLeft UIInterfaceOrientationLandscapeRight";
				LD_RUNPATH_SEARCH_PATHS = (
					"$(inherited)",
					"@executable_path/Frameworks",
				);
				MARKETING_VERSION = 1.0;
				PRODUCT_BUNDLE_IDENTIFIER = "com.Denis-Yarets.HW-2-07-DY";
				PRODUCT_NAME = "$(TARGET_NAME)";
				SWIFT_EMIT_LOC_STRINGS = YES;
				SWIFT_VERSION = 5.0;
				TARGETED_DEVICE_FAMILY = "1,2";
			};
			name = Debug;
		};
		044247CA2AD6BDFB00200BAF /* Release */ = {
			isa = XCBuildConfiguration;
			buildSettings = {
				ASSETCATALOG_COMPILER_APPICON_NAME = AppIcon;
				ASSETCATALOG_COMPILER_GLOBAL_ACCENT_COLOR_NAME = AccentColor;
				CODE_SIGN_STYLE = Automatic;
				CURRENT_PROJECT_VERSION = 1;
				DEVELOPMENT_TEAM = VDM65QNNS4;
				GENERATE_INFOPLIST_FILE = YES;
				INFOPLIST_FILE = "HW-2.07-DY/Info.plist";
				INFOPLIST_KEY_UIApplicationSupportsIndirectInputEvents = YES;
				INFOPLIST_KEY_UILaunchStoryboardName = LaunchScreen;
				INFOPLIST_KEY_UIMainStoryboardFile = Main;
				INFOPLIST_KEY_UISupportedInterfaceOrientations_iPad = "UIInterfaceOrientationPortrait UIInterfaceOrientationPortraitUpsideDown UIInterfaceOrientationLandscapeLeft UIInterfaceOrientationLandscapeRight";
				INFOPLIST_KEY_UISupportedInterfaceOrientations_iPhone = "UIInterfaceOrientationPortrait UIInterfaceOrientationLandscapeLeft UIInterfaceOrientationLandscapeRight";
				LD_RUNPATH_SEARCH_PATHS = (
					"$(inherited)",
					"@executable_path/Frameworks",
				);
				MARKETING_VERSION = 1.0;
				PRODUCT_BUNDLE_IDENTIFIER = "com.Denis-Yarets.HW-2-07-DY";
				PRODUCT_NAME = "$(TARGET_NAME)";
				SWIFT_EMIT_LOC_STRINGS = YES;
				SWIFT_VERSION = 5.0;
				TARGETED_DEVICE_FAMILY = "1,2";
			};
			name = Release;
		};
/* End XCBuildConfiguration section */

/* Begin XCConfigurationList section */
		044247AF2AD6BDF900200BAF /* Build configuration list for PBXProject "HW-2.07-DY" */ = {
			isa = XCConfigurationList;
			buildConfigurations = (
				044247C62AD6BDFB00200BAF /* Debug */,
				044247C72AD6BDFB00200BAF /* Release */,
			);
			defaultConfigurationIsVisible = 0;
			defaultConfigurationName = Release;
		};
		044247C82AD6BDFB00200BAF /* Build configuration list for PBXNativeTarget "HW-2.07-DY" */ = {
			isa = XCConfigurationList;
			buildConfigurations = (
				044247C92AD6BDFB00200BAF /* Debug */,
				044247CA2AD6BDFB00200BAF /* Release */,
			);
			defaultConfigurationIsVisible = 0;
			defaultConfigurationName = Release;
		};
/* End XCConfigurationList section */
	};
	rootObject = 044247AC2AD6BDF900200BAF /* Project object */;
}
